
Microsoft Visual Studio Solution File, Format Version 12.00
# Visual Studio 15
VisualStudioVersion = 15.0.28010.2048
MinimumVisualStudioVersion = 10.0.40219.1
Project("{FAE04EC0-301F-11D3-BF4B-00C04F79EFBC}") = "DatabaseWithAdo", "DatabaseWithAdo\DatabaseWithAdo.csproj", "{B1C1A78A-5C1E-4E92-A190-6962AEB00F00}"
EndProject
Project("{FAE04EC0-301F-11D3-BF4B-00C04F79EFBC}") = "AdoEngine", "AdoEngine\AdoEngine.csproj", "{FD3D1177-3DF5-4C03-9544-6E521E5830FD}"
EndProject
Global
	GlobalSection(SolutionConfigurationPlatforms) = preSolution
		Debug|Any CPU = Debug|Any CPU
		Release|Any CPU = Release|Any CPU
	EndGlobalSection
	GlobalSection(ProjectConfigurationPlatforms) = postSolution
		{B1C1A78A-5C1E-4E92-A190-6962AEB00F00}.Debug|Any CPU.ActiveCfg = Debug|Any CPU
		{B1C1A78A-5C1E-4E92-A190-6962AEB00F00}.Debug|Any CPU.Build.0 = Debug|Any CPU
		{B1C1A78A-5C1E-4E92-A190-6962AEB00F00}.Release|Any CPU.ActiveCfg = Release|Any CPU
		{B1C1A78A-5C1E-4E92-A190-6962AEB00F00}.Release|Any CPU.Build.0 = Release|Any CPU
		{FD3D1177-3DF5-4C03-9544-6E521E5830FD}.Debug|Any CPU.ActiveCfg = Debug|Any CPU
		{FD3D1177-3DF5-4C03-9544-6E521E5830FD}.Debug|Any CPU.Build.0 = Debug|Any CPU
		{FD3D1177-3DF5-4C03-9544-6E521E5830FD}.Release|Any CPU.ActiveCfg = Release|Any CPU
		{FD3D1177-3DF5-4C03-9544-6E521E5830FD}.Release|Any CPU.Build.0 = Release|Any CPU
	EndGlobalSection
	GlobalSection(SolutionProperties) = preSolution
		HideSolutionNode = FALSE
	EndGlobalSection
	GlobalSection(ExtensibilityGlobals) = postSolution
		SolutionGuid = {CD1B33F2-1ABE-4AFB-BD7B-F9A639BBDAFF}
	EndGlobalSection
EndGlobal
